
Microsoft Visual Studio Solution File, Format Version 12.00
# Visual Studio Version 17
VisualStudioVersion = 17.4.33205.214
MinimumVisualStudioVersion = 10.0.40219.1
Project("{8BC9CEB8-8B4A-11D0-8D11-00A0C91BC942}") = "Text", "Text\Text.vcxproj", "{220A5BCA-DAF2-4460-AFF1-21B131EDB17B}"
EndProject
Global
	GlobalSection(SolutionConfigurationPlatforms) = preSolution
		Debug|x64 = Debug|x64
		Debug|x86 = Debug|x86
		Release|x64 = Release|x64
		Release|x86 = Release|x86
	EndGlobalSection
	GlobalSection(ProjectConfigurationPlatforms) = postSolution
		{220A5BCA-DAF2-4460-AFF1-21B131EDB17B}.Debug|x64.ActiveCfg = Debug|x64
		{220A5BCA-DAF2-4460-AFF1-21B131EDB17B}.Debug|x64.Build.0 = Debug|x64
		{220A5BCA-DAF2-4460-AFF1-21B131EDB17B}.Debug|x86.ActiveCfg = Debug|Win32
		{220A5BCA-DAF2-4460-AFF1-21B131EDB17B}.Debug|x86.Build.0 = Debug|Win32
		{220A5BCA-DAF2-4460-AFF1-21B131EDB17B}.Release|x64.ActiveCfg = Release|x64
		{220A5BCA-DAF2-4460-AFF1-21B131EDB17B}.Release|x64.Build.0 = Release|x64
		{220A5BCA-DAF2-4460-AFF1-21B131EDB17B}.Release|x86.ActiveCfg = Release|Win32
		{220A5BCA-DAF2-4460-AFF1-21B131EDB17B}.Release|x86.Build.0 = Release|Win32
	EndGlobalSection
	GlobalSection(SolutionProperties) = preSolution
		HideSolutionNode = FALSE
	EndGlobalSection
	GlobalSection(ExtensibilityGlobals) = postSolution
		SolutionGuid = {C5BE6911-EC47-4663-B62C-DF3D6A16A7AD}
	EndGlobalSection
EndGlobal
